
Microsoft Visual Studio Solution File, Format Version 12.00
# Visual Studio Version 16
VisualStudioVersion = 16.0.30503.244
MinimumVisualStudioVersion = 10.0.40219.1
Project("{FAE04EC0-301F-11D3-BF4B-00C04F79EFBC}") = "OOPGit_PrcaticeVehicle", "OOPGit_PrcaticeVehicle\OOPGit_PrcaticeVehicle.csproj", "{76C72CCC-C1D4-4253-8E51-52B9991EE24A}"
EndProject
Project("{FAE04EC0-301F-11D3-BF4B-00C04F79EFBC}") = "VehicleTests", "VehicleTests\VehicleTests.csproj", "{61B02BD7-C334-49DC-9C58-8C3E2DAC00A9}"
EndProject
Global
	GlobalSection(SolutionConfigurationPlatforms) = preSolution
		Debug|Any CPU = Debug|Any CPU
		Release|Any CPU = Release|Any CPU
	EndGlobalSection
	GlobalSection(ProjectConfigurationPlatforms) = postSolution
		{76C72CCC-C1D4-4253-8E51-52B9991EE24A}.Debug|Any CPU.ActiveCfg = Debug|Any CPU
		{76C72CCC-C1D4-4253-8E51-52B9991EE24A}.Debug|Any CPU.Build.0 = Debug|Any CPU
		{76C72CCC-C1D4-4253-8E51-52B9991EE24A}.Release|Any CPU.ActiveCfg = Release|Any CPU
		{76C72CCC-C1D4-4253-8E51-52B9991EE24A}.Release|Any CPU.Build.0 = Release|Any CPU
		{61B02BD7-C334-49DC-9C58-8C3E2DAC00A9}.Debug|Any CPU.ActiveCfg = Debug|Any CPU
		{61B02BD7-C334-49DC-9C58-8C3E2DAC00A9}.Debug|Any CPU.Build.0 = Debug|Any CPU
		{61B02BD7-C334-49DC-9C58-8C3E2DAC00A9}.Release|Any CPU.ActiveCfg = Release|Any CPU
		{61B02BD7-C334-49DC-9C58-8C3E2DAC00A9}.Release|Any CPU.Build.0 = Release|Any CPU
	EndGlobalSection
	GlobalSection(SolutionProperties) = preSolution
		HideSolutionNode = FALSE
	EndGlobalSection
	GlobalSection(ExtensibilityGlobals) = postSolution
		SolutionGuid = {95187C11-D438-4557-9B5A-CAF9A381CBFC}
	EndGlobalSection
EndGlobal
